
Microsoft Visual Studio Solution File, Format Version 12.00
Project("{FAE04EC0-301F-11D3-BF4B-00C04F79EFBC}") = "Route256.PriceCalculator.Api", "src\Route256.PriceCalculator.Api\Route256.PriceCalculator.Api.csproj", "{DCF3DC7E-12C8-4D4D-A7D8-692AB788C5AB}"
EndProject
Project("{2150E333-8FDC-42A3-9474-1A3956D46DE8}") = "docs", "docs", "{5D360550-1367-4FC4-9799-C3AE618039B7}"
	ProjectSection(SolutionItems) = preProject
		README.md = README.md
	EndProjectSection
EndProject
Project("{2150E333-8FDC-42A3-9474-1A3956D46DE8}") = "src", "src", "{2DC0D6FD-3FB0-4539-B5B1-22135384744C}"
EndProject
Project("{2150E333-8FDC-42A3-9474-1A3956D46DE8}") = "tests", "tests", "{07872576-384C-49C7-A133-EDEFA74664F7}"
EndProject
Project("{FAE04EC0-301F-11D3-BF4B-00C04F79EFBC}") = "PriceCalculator.UnitTests", "tests\PriceCalculator.UnitTests\PriceCalculator.UnitTests.csproj", "{517E9232-F4F6-4AC9-A478-86E13C489DCC}"
EndProject
Project("{FAE04EC0-301F-11D3-BF4B-00C04F79EFBC}") = "Route256.PriceCalculator.Domain", "src\Route256.PriceCalculator.Domain\Route256.PriceCalculator.Domain.csproj", "{48B58C47-CC05-41C2-8715-24C9462B3904}"
EndProject
Project("{FAE04EC0-301F-11D3-BF4B-00C04F79EFBC}") = "Route256.PriceCalculator.Infrastructure", "src\Route256.PriceCalculator.Infrastructure\Route256.PriceCalculator.Infrastructure.csproj", "{FF0EEB5D-C548-4109-9779-F87703AFAB3C}"
EndProject
Project("{FAE04EC0-301F-11D3-BF4B-00C04F79EFBC}") = "Route256.PriceCalculator.Domain.DependencyInjection.Extensions", "src\Route256.PriceCalculator.Domain.DependencyInjection.Extensions\Route256.PriceCalculator.Domain.DependencyInjection.Extensions.csproj", "{63B2C1E7-54A6-488C-A442-AA2E740481C6}"
EndProject
Global
	GlobalSection(SolutionConfigurationPlatforms) = preSolution
		Debug|Any CPU = Debug|Any CPU
		Release|Any CPU = Release|Any CPU
	EndGlobalSection
	GlobalSection(ProjectConfigurationPlatforms) = postSolution
		{DCF3DC7E-12C8-4D4D-A7D8-692AB788C5AB}.Debug|Any CPU.ActiveCfg = Debug|Any CPU
		{DCF3DC7E-12C8-4D4D-A7D8-692AB788C5AB}.Debug|Any CPU.Build.0 = Debug|Any CPU
		{DCF3DC7E-12C8-4D4D-A7D8-692AB788C5AB}.Release|Any CPU.ActiveCfg = Release|Any CPU
		{DCF3DC7E-12C8-4D4D-A7D8-692AB788C5AB}.Release|Any CPU.Build.0 = Release|Any CPU
		{517E9232-F4F6-4AC9-A478-86E13C489DCC}.Debug|Any CPU.ActiveCfg = Debug|Any CPU
		{517E9232-F4F6-4AC9-A478-86E13C489DCC}.Debug|Any CPU.Build.0 = Debug|Any CPU
		{517E9232-F4F6-4AC9-A478-86E13C489DCC}.Release|Any CPU.ActiveCfg = Release|Any CPU
		{517E9232-F4F6-4AC9-A478-86E13C489DCC}.Release|Any CPU.Build.0 = Release|Any CPU
		{48B58C47-CC05-41C2-8715-24C9462B3904}.Debug|Any CPU.ActiveCfg = Debug|Any CPU
		{48B58C47-CC05-41C2-8715-24C9462B3904}.Debug|Any CPU.Build.0 = Debug|Any CPU
		{48B58C47-CC05-41C2-8715-24C9462B3904}.Release|Any CPU.ActiveCfg = Release|Any CPU
		{48B58C47-CC05-41C2-8715-24C9462B3904}.Release|Any CPU.Build.0 = Release|Any CPU
		{FF0EEB5D-C548-4109-9779-F87703AFAB3C}.Debug|Any CPU.ActiveCfg = Debug|Any CPU
		{FF0EEB5D-C548-4109-9779-F87703AFAB3C}.Debug|Any CPU.Build.0 = Debug|Any CPU
		{FF0EEB5D-C548-4109-9779-F87703AFAB3C}.Release|Any CPU.ActiveCfg = Release|Any CPU
		{FF0EEB5D-C548-4109-9779-F87703AFAB3C}.Release|Any CPU.Build.0 = Release|Any CPU
		{63B2C1E7-54A6-488C-A442-AA2E740481C6}.Debug|Any CPU.ActiveCfg = Debug|Any CPU
		{63B2C1E7-54A6-488C-A442-AA2E740481C6}.Debug|Any CPU.Build.0 = Debug|Any CPU
		{63B2C1E7-54A6-488C-A442-AA2E740481C6}.Release|Any CPU.ActiveCfg = Release|Any CPU
		{63B2C1E7-54A6-488C-A442-AA2E740481C6}.Release|Any CPU.Build.0 = Release|Any CPU
		{2A11AA2A-034C-42C0-89F9-A7EB29E5FCFF}.Debug|Any CPU.ActiveCfg = Debug|Any CPU
		{2A11AA2A-034C-42C0-89F9-A7EB29E5FCFF}.Debug|Any CPU.Build.0 = Debug|Any CPU
		{2A11AA2A-034C-42C0-89F9-A7EB29E5FCFF}.Release|Any CPU.ActiveCfg = Release|Any CPU
		{2A11AA2A-034C-42C0-89F9-A7EB29E5FCFF}.Release|Any CPU.Build.0 = Release|Any CPU
	EndGlobalSection
	GlobalSection(NestedProjects) = preSolution
		{DCF3DC7E-12C8-4D4D-A7D8-692AB788C5AB} = {2DC0D6FD-3FB0-4539-B5B1-22135384744C}
		{517E9232-F4F6-4AC9-A478-86E13C489DCC} = {07872576-384C-49C7-A133-EDEFA74664F7}
		{48B58C47-CC05-41C2-8715-24C9462B3904} = {2DC0D6FD-3FB0-4539-B5B1-22135384744C}
		{FF0EEB5D-C548-4109-9779-F87703AFAB3C} = {2DC0D6FD-3FB0-4539-B5B1-22135384744C}
		{63B2C1E7-54A6-488C-A442-AA2E740481C6} = {2DC0D6FD-3FB0-4539-B5B1-22135384744C}
	EndGlobalSection
EndGlobal
